// !$*UTF8*$!
{
	archiveVersion = 1;
	classes = {
	};
	objectVersion = 77;
	objects = {

/* Begin PBXBuildFile section */
		6CB9754F2FD84C6A00AC033B /* PiyakWatch Watch App.app in Embed Watch Content */ = {isa = PBXBuildFile; fileRef = 6CB975452FD84C6A00AC033B /* PiyakWatch Watch App.app */; settings = {ATTRIBUTES = (RemoveHeadersOnCopy, ); }; };
		6CB9757B2FD8549800AC033B /* WidgetKit.framework in Frameworks */ = {isa = PBXBuildFile; fileRef = 6CB975602FD8537A00AC033B /* WidgetKit.framework */; };
		6CB9757C2FD8549800AC033B /* SwiftUI.framework in Frameworks */ = {isa = PBXBuildFile; fileRef = 6CB975622FD8537A00AC033B /* SwiftUI.framework */; };
		6CB975872FD8549900AC033B /* PiyakWidgetExtension.appex in Embed Foundation Extensions */ = {isa = PBXBuildFile; fileRef = 6CB9757A2FD8549800AC033B /* PiyakWidgetExtension.appex */; settings = {ATTRIBUTES = (RemoveHeadersOnCopy, ); }; };
/* End PBXBuildFile section */

/* Begin PBXContainerItemProxy section */
		6CB9754D2FD84C6A00AC033B /* PBXContainerItemProxy */ = {
			isa = PBXContainerItemProxy;
			containerPortal = 6CB974F72FD6FA0F00AC033B /* Project object */;
			proxyType = 1;
			remoteGlobalIDString = 6CB975442FD84C6900AC033B;
			remoteInfo = "PiyakWatch Watch App";
		};
		6CB975852FD8549900AC033B /* PBXContainerItemProxy */ = {
			isa = PBXContainerItemProxy;
			containerPortal = 6CB974F72FD6FA0F00AC033B /* Project object */;
			proxyType = 1;
			remoteGlobalIDString = 6CB975792FD8549800AC033B;
			remoteInfo = PiyakWidgetExtension;
		};
/* End PBXContainerItemProxy section */

/* Begin PBXCopyFilesBuildPhase section */
		6CB975532FD84C6A00AC033B /* Embed Watch Content */ = {
			isa = PBXCopyFilesBuildPhase;
			buildActionMask = 2147483647;
			dstPath = "$(CONTENTS_FOLDER_PATH)/Watch";
			dstSubfolderSpec = 16;
			files = (
				6CB9754F2FD84C6A00AC033B /* PiyakWatch Watch App.app in Embed Watch Content */,
			);
			name = "Embed Watch Content";
			runOnlyForDeploymentPostprocessing = 0;
		};
		6CB975752FD8537B00AC033B /* Embed Foundation Extensions */ = {
			isa = PBXCopyFilesBuildPhase;
			buildActionMask = 2147483647;
			dstPath = "";
			dstSubfolderSpec = 13;
			files = (
				6CB975872FD8549900AC033B /* PiyakWidgetExtension.appex in Embed Foundation Extensions */,
			);
			name = "Embed Foundation Extensions";
			runOnlyForDeploymentPostprocessing = 0;
		};
/* End PBXCopyFilesBuildPhase section */

/* Begin PBXFileReference section */
		6CB974FF2FD6FA0F00AC033B /* PiyakBank.app */ = {isa = PBXFileReference; explicitFileType = wrapper.application; includeInIndex = 0; path = PiyakBank.app; sourceTree = BUILT_PRODUCTS_DIR; };
		6CB975452FD84C6A00AC033B /* PiyakWatch Watch App.app */ = {isa = PBXFileReference; explicitFileType = wrapper.application; includeInIndex = 0; path = "PiyakWatch Watch App.app"; sourceTree = BUILT_PRODUCTS_DIR; };
		6CB975602FD8537A00AC033B /* WidgetKit.framework */ = {isa = PBXFileReference; lastKnownFileType = wrapper.framework; name = WidgetKit.framework; path = System/Library/Frameworks/WidgetKit.framework; sourceTree = SDKROOT; };
		6CB975622FD8537A00AC033B /* SwiftUI.framework */ = {isa = PBXFileReference; lastKnownFileType = wrapper.framework; name = SwiftUI.framework; path = System/Library/Frameworks/SwiftUI.framework; sourceTree = SDKROOT; };
		6CB9757A2FD8549800AC033B /* PiyakWidgetExtension.appex */ = {isa = PBXFileReference; explicitFileType = "wrapper.app-extension"; includeInIndex = 0; path = PiyakWidgetExtension.appex; sourceTree = BUILT_PRODUCTS_DIR; };
		6CB9758F2FD8554100AC033B /* PiyakWidgetExtension.entitlements */ = {isa = PBXFileReference; lastKnownFileType = text.plist.entitlements; path = PiyakWidgetExtension.entitlements; sourceTree = "<group>"; };
/* End PBXFileReference section */

/* Begin PBXFileSystemSynchronizedBuildFileExceptionSet section */
		6CB9752F2FD6FE2600AC033B /* Exceptions for "PiyakBank" folder in "PiyakBank" target */ = {
			isa = PBXFileSystemSynchronizedBuildFileExceptionSet;
			membershipExceptions = (
				Watch/PiyakWatchApp.swift,
				Widget/PiyakComplication.swift,
			);
			target = 6CB974FE2FD6FA0F00AC033B /* PiyakBank */;
		};
		6CB975552FD84CF700AC033B /* Exceptions for "PiyakBank" folder in "PiyakWatch Watch App" target */ = {
			isa = PBXFileSystemSynchronizedBuildFileExceptionSet;
			membershipExceptions = (
				Services/WatchSync.swift,
				Shared/AppConfig.swift,
				Shared/DesignTokens.swift,
				Shared/Economy.swift,
				Watch/PiyakWatchApp.swift,
			);
			target = 6CB975442FD84C6900AC033B /* PiyakWatch Watch App */;
		};
		6CB9758B2FD8549900AC033B /* Exceptions for "PiyakWidget" folder in "PiyakWidgetExtension" target */ = {
			isa = PBXFileSystemSynchronizedBuildFileExceptionSet;
			membershipExceptions = (
				Info.plist,
			);
			target = 6CB975792FD8549800AC033B /* PiyakWidgetExtension */;
		};
		6CB9758D2FD854FD00AC033B /* Exceptions for "PiyakBank" folder in "PiyakWidgetExtension" target */ = {
			isa = PBXFileSystemSynchronizedBuildFileExceptionSet;
			membershipExceptions = (
				Shared/AppConfig.swift,
				Widget/PiyakComplication.swift,
			);
			target = 6CB975792FD8549800AC033B /* PiyakWidgetExtension */;
		};
/* End PBXFileSystemSynchronizedBuildFileExceptionSet section */

/* Begin PBXFileSystemSynchronizedRootGroup section */
		6CB975012FD6FA0F00AC033B /* PiyakBank */ = {
			isa = PBXFileSystemSynchronizedRootGroup;
			exceptions = (
				6CB9752F2FD6FE2600AC033B /* Exceptions for "PiyakBank" folder in "PiyakBank" target */,
				6CB975552FD84CF700AC033B /* Exceptions for "PiyakBank" folder in "PiyakWatch Watch App" target */,
				6CB9758D2FD854FD00AC033B /* Exceptions for "PiyakBank" folder in "PiyakWidgetExtension" target */,
			);
			path = PiyakBank;
			sourceTree = "<group>";
		};
		6CB975462FD84C6A00AC033B /* PiyakWatch Watch App */ = {
			isa = PBXFileSystemSynchronizedRootGroup;
			path = "PiyakWatch Watch App";
			sourceTree = "<group>";
		};
		6CB9757D2FD8549800AC033B /* PiyakWidget */ = {
			isa = PBXFileSystemSynchronizedRootGroup;
			exceptions = (
				6CB9758B2FD8549900AC033B /* Exceptions for "PiyakWidget" folder in "PiyakWidgetExtension" target */,
			);
			path = PiyakWidget;
			sourceTree = "<group>";
		};
/* End PBXFileSystemSynchronizedRootGroup section */

/* Begin PBXFrameworksBuildPhase section */
		6CB974FC2FD6FA0F00AC033B /* Frameworks */ = {
			isa = PBXFrameworksBuildPhase;
			buildActionMask = 2147483647;
			files = (
			);
			runOnlyForDeploymentPostprocessing = 0;
		};
		6CB975422FD84C6900AC033B /* Frameworks */ = {
			isa = PBXFrameworksBuildPhase;
			buildActionMask = 2147483647;
			files = (
			);
			runOnlyForDeploymentPostprocessing = 0;
		};
		6CB975772FD8549800AC033B /* Frameworks */ = {
			isa = PBXFrameworksBuildPhase;
			buildActionMask = 2147483647;
			files = (
				6CB9757C2FD8549800AC033B /* SwiftUI.framework in Frameworks */,
				6CB9757B2FD8549800AC033B /* WidgetKit.framework in Frameworks */,
			);
			runOnlyForDeploymentPostprocessing = 0;
		};
/* End PBXFrameworksBuildPhase section */

/* Begin PBXGroup section */
		6CB974F62FD6FA0F00AC033B = {
			isa = PBXGroup;
			children = (
				6CB9758F2FD8554100AC033B /* PiyakWidgetExtension.entitlements */,
				6CB975012FD6FA0F00AC033B /* PiyakBank */,
				6CB975462FD84C6A00AC033B /* PiyakWatch Watch App */,
				6CB9757D2FD8549800AC033B /* PiyakWidget */,
				6CB9755F2FD8537A00AC033B /* Frameworks */,
				6CB975002FD6FA0F00AC033B /* Products */,
			);
			sourceTree = "<group>";
		};
		6CB975002FD6FA0F00AC033B /* Products */ = {
			isa = PBXGroup;
			children = (
				6CB974FF2FD6FA0F00AC033B /* PiyakBank.app */,
				6CB975452FD84C6A00AC033B /* PiyakWatch Watch App.app */,
				6CB9757A2FD8549800AC033B /* PiyakWidgetExtension.appex */,
			);
			name = Products;
			sourceTree = "<group>";
		};
		6CB9755F2FD8537A00AC033B /* Frameworks */ = {
			isa = PBXGroup;
			children = (
				6CB975602FD8537A00AC033B /* WidgetKit.framework */,
				6CB975622FD8537A00AC033B /* SwiftUI.framework */,
			);
			name = Frameworks;
			sourceTree = "<group>";
		};
/* End PBXGroup section */

/* Begin PBXNativeTarget section */
		6CB974FE2FD6FA0F00AC033B /* PiyakBank */ = {
			isa = PBXNativeTarget;
			buildConfigurationList = 6CB9750C2FD6FA1000AC033B /* Build configuration list for PBXNativeTarget "PiyakBank" */;
			buildPhases = (
				6CB974FB2FD6FA0F00AC033B /* Sources */,
				6CB974FC2FD6FA0F00AC033B /* Frameworks */,
				6CB974FD2FD6FA0F00AC033B /* Resources */,
				6CB975532FD84C6A00AC033B /* Embed Watch Content */,
				6CB975752FD8537B00AC033B /* Embed Foundation Extensions */,
			);
			buildRules = (
			);
			dependencies = (
				6CB9754E2FD84C6A00AC033B /* PBXTargetDependency */,
				6CB975862FD8549900AC033B /* PBXTargetDependency */,
			);
			fileSystemSynchronizedGroups = (
				6CB975012FD6FA0F00AC033B /* PiyakBank */,
			);
			name = PiyakBank;
			packageProductDependencies = (
			);
			productName = PiyakBank;
			productReference = 6CB974FF2FD6FA0F00AC033B /* PiyakBank.app */;
			productType = "com.apple.product-type.application";
		};
		6CB975442FD84C6900AC033B /* PiyakWatch Watch App */ = {
			isa = PBXNativeTarget;
			buildConfigurationList = 6CB975502FD84C6A00AC033B /* Build configuration list for PBXNativeTarget "PiyakWatch Watch App" */;
			buildPhases = (
				6CB975412FD84C6900AC033B /* Sources */,
				6CB975422FD84C6900AC033B /* Frameworks */,
				6CB975432FD84C6900AC033B /* Resources */,
			);
			buildRules = (
			);
			dependencies = (
			);
			fileSystemSynchronizedGroups = (
				6CB975462FD84C6A00AC033B /* PiyakWatch Watch App */,
			);
			name = "PiyakWatch Watch App";
			packageProductDependencies = (
			);
			productName = "PiyakWatch Watch App";
			productReference = 6CB975452FD84C6A00AC033B /* PiyakWatch Watch App.app */;
			productType = "com.apple.product-type.application";
		};
		6CB975792FD8549800AC033B /* PiyakWidgetExtension */ = {
			isa = PBXNativeTarget;
			buildConfigurationList = 6CB975882FD8549900AC033B /* Build configuration list for PBXNativeTarget "PiyakWidgetExtension" */;
			buildPhases = (
				6CB975762FD8549800AC033B /* Sources */,
				6CB975772FD8549800AC033B /* Frameworks */,
				6CB975782FD8549800AC033B /* Resources */,
			);
			buildRules = (
			);
			dependencies = (
			);
			fileSystemSynchronizedGroups = (
				6CB9757D2FD8549800AC033B /* PiyakWidget */,
			);
			name = PiyakWidgetExtension;
			packageProductDependencies = (
			);
			productName = PiyakWidgetExtension;
			productReference = 6CB9757A2FD8549800AC033B /* PiyakWidgetExtension.appex */;
			productType = "com.apple.product-type.app-extension";
		};
/* End PBXNativeTarget section */

/* Begin PBXProject section */
		6CB974F72FD6FA0F00AC033B /* Project object */ = {
			isa = PBXProject;
			attributes = {
				BuildIndependentTargetsInParallel = 1;
				LastSwiftUpdateCheck = 2650;
				LastUpgradeCheck = 2650;
				TargetAttributes = {
					6CB974FE2FD6FA0F00AC033B = {
						CreatedOnToolsVersion = 26.5;
					};
					6CB975442FD84C6900AC033B = {
						CreatedOnToolsVersion = 26.5;
					};
					6CB975792FD8549800AC033B = {
						CreatedOnToolsVersion = 26.5;
					};
				};
			};
			buildConfigurationList = 6CB974FA2FD6FA0F00AC033B /* Build configuration list for PBXProject "PiyakBank" */;
			developmentRegion = en;
			hasScannedForEncodings = 0;
			knownRegions = (
				en,
				Base,
			);
			mainGroup = 6CB974F62FD6FA0F00AC033B;
			minimizedProjectReferenceProxies = 1;
			preferredProjectObjectVersion = 77;
			productRefGroup = 6CB975002FD6FA0F00AC033B /* Products */;
			projectDirPath = "";
			projectRoot = "";
			targets = (
				6CB974FE2FD6FA0F00AC033B /* PiyakBank */,
				6CB975442FD84C6900AC033B /* PiyakWatch Watch App */,
				6CB975792FD8549800AC033B /* PiyakWidgetExtension */,
			);
		};
/* End PBXProject section */

/* Begin PBXResourcesBuildPhase section */
		6CB974FD2FD6FA0F00AC033B /* Resources */ = {
			isa = PBXResourcesBuildPhase;
			buildActionMask = 2147483647;
			files = (
			);
			runOnlyForDeploymentPostprocessing = 0;
		};
		6CB975432FD84C6900AC033B /* Resources */ = {
			isa = PBXResourcesBuildPhase;
			buildActionMask = 2147483647;
			files = (
			);
			runOnlyForDeploymentPostprocessing = 0;
		};
		6CB975782FD8549800AC033B /* Resources */ = {
			isa = PBXResourcesBuildPhase;
			buildActionMask = 2147483647;
			files = (
			);
			runOnlyForDeploymentPostprocessing = 0;
		};
/* End PBXResourcesBuildPhase section */

/* Begin PBXSourcesBuildPhase section */
		6CB974FB2FD6FA0F00AC033B /* Sources */ = {
			isa = PBXSourcesBuildPhase;
			buildActionMask = 2147483647;
			files = (
			);
			runOnlyForDeploymentPostprocessing = 0;
		};
		6CB975412FD84C6900AC033B /* Sources */ = {
			isa = PBXSourcesBuildPhase;
			buildActionMask = 2147483647;
			files = (
			);
			runOnlyForDeploymentPostprocessing = 0;
		};
		6CB975762FD8549800AC033B /* Sources */ = {
			isa = PBXSourcesBuildPhase;
			buildActionMask = 2147483647;
			files = (
			);
			runOnlyForDeploymentPostprocessing = 0;
		};
/* End PBXSourcesBuildPhase section */

/* Begin PBXTargetDependency section */
		6CB9754E2FD84C6A00AC033B /* PBXTargetDependency */ = {
			isa = PBXTargetDependency;
			target = 6CB975442FD84C6900AC033B /* PiyakWatch Watch App */;
			targetProxy = 6CB9754D2FD84C6A00AC033B /* PBXContainerItemProxy */;
		};
		6CB975862FD8549900AC033B /* PBXTargetDependency */ = {
			isa = PBXTargetDependency;
			target = 6CB975792FD8549800AC033B /* PiyakWidgetExtension */;
			targetProxy = 6CB975852FD8549900AC033B /* PBXContainerItemProxy */;
		};
/* End PBXTargetDependency section */

/* Begin XCBuildConfiguration section */
		6CB9750A2FD6FA1000AC033B /* Debug */ = {
			isa = XCBuildConfiguration;
			buildSettings = {
				ALWAYS_SEARCH_USER_PATHS = NO;
				ASSETCATALOG_COMPILER_GENERATE_SWIFT_ASSET_SYMBOL_EXTENSIONS = YES;
				CLANG_ANALYZER_NONNULL = YES;
				CLANG_ANALYZER_NUMBER_OBJECT_CONVERSION = YES_AGGRESSIVE;
				CLANG_CXX_LANGUAGE_STANDARD = "gnu++20";
				CLANG_ENABLE_MODULES = YES;
				CLANG_ENABLE_OBJC_ARC = YES;
				CLANG_ENABLE_OBJC_WEAK = YES;
				CLANG_WARN_BLOCK_CAPTURE_AUTORELEASING = YES;
				CLANG_WARN_BOOL_CONVERSION = YES;
				CLANG_WARN_COMMA = YES;
				CLANG_WARN_CONSTANT_CONVERSION = YES;
				CLANG_WARN_DEPRECATED_OBJC_IMPLEMENTATIONS = YES;
				CLANG_WARN_DIRECT_OBJC_ISA_USAGE = YES_ERROR;
				CLANG_WARN_DOCUMENTATION_COMMENTS = YES;
				CLANG_WARN_EMPTY_BODY = YES;
				CLANG_WARN_ENUM_CONVERSION = YES;
				CLANG_WARN_INFINITE_RECURSION = YES;
				CLANG_WARN_INT_CONVERSION = YES;
				CLANG_WARN_NON_LITERAL_NULL_CONVERSION = YES;
				CLANG_WARN_OBJC_IMPLICIT_RETAIN_SELF = YES;
				CLANG_WARN_OBJC_LITERAL_CONVERSION = YES;
				CLANG_WARN_OBJC_ROOT_CLASS = YES_ERROR;
				CLANG_WARN_QUOTED_INCLUDE_IN_FRAMEWORK_HEADER = YES;
				CLANG_WARN_RANGE_LOOP_ANALYSIS = YES;
				CLANG_WARN_STRICT_PROTOTYPES = YES;
				CLANG_WARN_SUSPICIOUS_MOVE = YES;
				CLANG_WARN_UNGUARDED_AVAILABILITY = YES_AGGRESSIVE;
				CLANG_WARN_UNREACHABLE_CODE = YES;
				CLANG_WARN__DUPLICATE_METHOD_MATCH = YES;
				COPY_PHASE_STRIP = NO;
				DEBUG_INFORMATION_FORMAT = dwarf;
				ENABLE_STRICT_OBJC_MSGSEND = YES;
				ENABLE_TESTABILITY = YES;
				ENABLE_USER_SCRIPT_SANDBOXING = YES;
				GCC_C_LANGUAGE_STANDARD = gnu17;
				GCC_DYNAMIC_NO_PIC = NO;
				GCC_NO_COMMON_BLOCKS = YES;
				GCC_OPTIMIZATION_LEVEL = 0;
				GCC_PREPROCESSOR_DEFINITIONS = (
					"DEBUG=1",
					"$(inherited)",
				);
				GCC_WARN_64_TO_32_BIT_CONVERSION = YES;
				GCC_WARN_ABOUT_RETURN_TYPE = YES_ERROR;
				GCC_WARN_UNDECLARED_SELECTOR = YES;
				GCC_WARN_UNINITIALIZED_AUTOS = YES_AGGRESSIVE;
				GCC_WARN_UNUSED_FUNCTION = YES;
				GCC_WARN_UNUSED_VARIABLE = YES;
				IPHONEOS_DEPLOYMENT_TARGET = 26.5;
				LOCALIZATION_PREFERS_STRING_CATALOGS = YES;
				MTL_ENABLE_DEBUG_INFO = INCLUDE_SOURCE;
				MTL_FAST_MATH = YES;
				ONLY_ACTIVE_ARCH = YES;
				SDKROOT = iphoneos;
				SWIFT_ACTIVE_COMPILATION_CONDITIONS = "DEBUG $(inherited)";
				SWIFT_OPTIMIZATION_LEVEL = "-Onone";
			};
			name = Debug;
		};
		6CB9750B2FD6FA1000AC033B /* Release */ = {
			isa = XCBuildConfiguration;
			buildSettings = {
				ALWAYS_SEARCH_USER_PATHS = NO;
				ASSETCATALOG_COMPILER_GENERATE_SWIFT_ASSET_SYMBOL_EXTENSIONS = YES;
				CLANG_ANALYZER_NONNULL = YES;
				CLANG_ANALYZER_NUMBER_OBJECT_CONVERSION = YES_AGGRESSIVE;
				CLANG_CXX_LANGUAGE_STANDARD = "gnu++20";
				CLANG_ENABLE_MODULES = YES;
				CLANG_ENABLE_OBJC_ARC = YES;
				CLANG_ENABLE_OBJC_WEAK = YES;
				CLANG_WARN_BLOCK_CAPTURE_AUTORELEASING = YES;
				CLANG_WARN_BOOL_CONVERSION = YES;
				CLANG_WARN_COMMA = YES;
				CLANG_WARN_CONSTANT_CONVERSION = YES;
				CLANG_WARN_DEPRECATED_OBJC_IMPLEMENTATIONS = YES;
				CLANG_WARN_DIRECT_OBJC_ISA_USAGE = YES_ERROR;
				CLANG_WARN_DOCUMENTATION_COMMENTS = YES;
				CLANG_WARN_EMPTY_BODY = YES;
				CLANG_WARN_ENUM_CONVERSION = YES;
				CLANG_WARN_INFINITE_RECURSION = YES;
				CLANG_WARN_INT_CONVERSION = YES;
				CLANG_WARN_NON_LITERAL_NULL_CONVERSION = YES;
				CLANG_WARN_OBJC_IMPLICIT_RETAIN_SELF = YES;
				CLANG_WARN_OBJC_LITERAL_CONVERSION = YES;
				CLANG_WARN_OBJC_ROOT_CLASS = YES_ERROR;
				CLANG_WARN_QUOTED_INCLUDE_IN_FRAMEWORK_HEADER = YES;
				CLANG_WARN_RANGE_LOOP_ANALYSIS = YES;
				CLANG_WARN_STRICT_PROTOTYPES = YES;
				CLANG_WARN_SUSPICIOUS_MOVE = YES;
				CLANG_WARN_UNGUARDED_AVAILABILITY = YES_AGGRESSIVE;
				CLANG_WARN_UNREACHABLE_CODE = YES;
				CLANG_WARN__DUPLICATE_METHOD_MATCH = YES;
				COPY_PHASE_STRIP = NO;
				DEBUG_INFORMATION_FORMAT = "dwarf-with-dsym";
				ENABLE_NS_ASSERTIONS = NO;
				ENABLE_STRICT_OBJC_MSGSEND = YES;
				ENABLE_USER_SCRIPT_SANDBOXING = YES;
				GCC_C_LANGUAGE_STANDARD = gnu17;
				GCC_NO_COMMON_BLOCKS = YES;
				GCC_WARN_64_TO_32_BIT_CONVERSION = YES;
				GCC_WARN_ABOUT_RETURN_TYPE = YES_ERROR;
				GCC_WARN_UNDECLARED_SELECTOR = YES;
				GCC_WARN_UNINITIALIZED_AUTOS = YES_AGGRESSIVE;
				GCC_WARN_UNUSED_FUNCTION = YES;
				GCC_WARN_UNUSED_VARIABLE = YES;
				IPHONEOS_DEPLOYMENT_TARGET = 26.5;
				LOCALIZATION_PREFERS_STRING_CATALOGS = YES;
				MTL_ENABLE_DEBUG_INFO = NO;
				MTL_FAST_MATH = YES;
				SDKROOT = iphoneos;
				SWIFT_COMPILATION_MODE = wholemodule;
				VALIDATE_PRODUCT = YES;
			};
			name = Release;
		};
		6CB9750D2FD6FA1000AC033B /* Debug */ = {
			isa = XCBuildConfiguration;
			buildSettings = {
				ASSETCATALOG_COMPILER_APPICON_NAME = AppIcon;
				ASSETCATALOG_COMPILER_GLOBAL_ACCENT_COLOR_NAME = AccentColor;
				CODE_SIGN_ENTITLEMENTS = PiyakBank/PiyakBank.entitlements;
				CODE_SIGN_STYLE = Automatic;
				CURRENT_PROJECT_VERSION = 1;
				DEVELOPMENT_TEAM = G2D6ZG4SX3;
				ENABLE_PREVIEWS = YES;
				GENERATE_INFOPLIST_FILE = YES;
				INFOPLIST_KEY_UIApplicationSceneManifest_Generation = YES;
				INFOPLIST_KEY_UIApplicationSupportsIndirectInputEvents = YES;
				INFOPLIST_KEY_UILaunchScreen_Generation = YES;
				INFOPLIST_KEY_UISupportedInterfaceOrientations_iPad = "UIInterfaceOrientationPortrait UIInterfaceOrientationPortraitUpsideDown UIInterfaceOrientationLandscapeLeft UIInterfaceOrientationLandscapeRight";
				INFOPLIST_KEY_UISupportedInterfaceOrientations_iPhone = "UIInterfaceOrientationPortrait UIInterfaceOrientationLandscapeLeft UIInterfaceOrientationLandscapeRight";
				LD_RUNPATH_SEARCH_PATHS = (
					"$(inherited)",
					"@executable_path/Frameworks",
				);
				MARKETING_VERSION = 1.0;
				PRODUCT_BUNDLE_IDENTIFIER = com.minseo.PiyakBank;
				PRODUCT_NAME = "$(TARGET_NAME)";
				STRING_CATALOG_GENERATE_SYMBOLS = YES;
				SWIFT_APPROACHABLE_CONCURRENCY = YES;
				SWIFT_DEFAULT_ACTOR_ISOLATION = MainActor;
				SWIFT_EMIT_LOC_STRINGS = YES;
				SWIFT_UPCOMING_FEATURE_MEMBER_IMPORT_VISIBILITY = YES;
				SWIFT_VERSION = 5.0;
				TARGETED_DEVICE_FAMILY = "1,2";
			};
			name = Debug;
		};
		6CB9750E2FD6FA1000AC033B /* Release */ = {
			isa = XCBuildConfiguration;
			buildSettings = {
				ASSETCATALOG_COMPILER_APPICON_NAME = AppIcon;
				ASSETCATALOG_COMPILER_GLOBAL_ACCENT_COLOR_NAME = AccentColor;
				CODE_SIGN_ENTITLEMENTS = PiyakBank/PiyakBank.entitlements;
				CODE_SIGN_STYLE = Automatic;
				CURRENT_PROJECT_VERSION = 1;
				DEVELOPMENT_TEAM = G2D6ZG4SX3;
				ENABLE_PREVIEWS = YES;
				GENERATE_INFOPLIST_FILE = YES;
				INFOPLIST_KEY_UIApplicationSceneManifest_Generation = YES;
				INFOPLIST_KEY_UIApplicationSupportsIndirectInputEvents = YES;
				INFOPLIST_KEY_UILaunchScreen_Generation = YES;
				INFOPLIST_KEY_UISupportedInterfaceOrientations_iPad = "UIInterfaceOrientationPortrait UIInterfaceOrientationPortraitUpsideDown UIInterfaceOrientationLandscapeLeft UIInterfaceOrientationLandscapeRight";
				INFOPLIST_KEY_UISupportedInterfaceOrientations_iPhone = "UIInterfaceOrientationPortrait UIInterfaceOrientationLandscapeLeft UIInterfaceOrientationLandscapeRight";
				LD_RUNPATH_SEARCH_PATHS = (
					"$(inherited)",
					"@executable_path/Frameworks",
				);
				MARKETING_VERSION = 1.0;
				PRODUCT_BUNDLE_IDENTIFIER = com.minseo.PiyakBank;
				PRODUCT_NAME = "$(TARGET_NAME)";
				STRING_CATALOG_GENERATE_SYMBOLS = YES;
				SWIFT_APPROACHABLE_CONCURRENCY = YES;
				SWIFT_DEFAULT_ACTOR_ISOLATION = MainActor;
				SWIFT_EMIT_LOC_STRINGS = YES;
				SWIFT_UPCOMING_FEATURE_MEMBER_IMPORT_VISIBILITY = YES;
				SWIFT_VERSION = 5.0;
				TARGETED_DEVICE_FAMILY = "1,2";
			};
			name = Release;
		};
		6CB975512FD84C6A00AC033B /* Debug */ = {
			isa = XCBuildConfiguration;
			buildSettings = {
				ASSETCATALOG_COMPILER_APPICON_NAME = AppIcon;
				ASSETCATALOG_COMPILER_GLOBAL_ACCENT_COLOR_NAME = AccentColor;
				CODE_SIGN_ENTITLEMENTS = "PiyakWatch Watch App/PiyakWatch Watch App.entitlements";
				CODE_SIGN_STYLE = Automatic;
				CURRENT_PROJECT_VERSION = 1;
				DEVELOPMENT_TEAM = G2D6ZG4SX3;
				ENABLE_PREVIEWS = YES;
				GENERATE_INFOPLIST_FILE = YES;
				INFOPLIST_KEY_CFBundleDisplayName = PiyakWatch;
				INFOPLIST_KEY_UISupportedInterfaceOrientations = "UIInterfaceOrientationPortrait UIInterfaceOrientationPortraitUpsideDown";
				INFOPLIST_KEY_WKCompanionAppBundleIdentifier = com.minseo.PiyakBank;
				LD_RUNPATH_SEARCH_PATHS = (
					"$(inherited)",
					"@executable_path/Frameworks",
				);
				MARKETING_VERSION = 1.0;
				PRODUCT_BUNDLE_IDENTIFIER = com.minseo.PiyakBank.watchkitapp;
				PRODUCT_NAME = "$(TARGET_NAME)";
				SDKROOT = watchos;
				SKIP_INSTALL = YES;
				STRING_CATALOG_GENERATE_SYMBOLS = YES;
				SWIFT_APPROACHABLE_CONCURRENCY = YES;
				SWIFT_DEFAULT_ACTOR_ISOLATION = MainActor;
				SWIFT_EMIT_LOC_STRINGS = YES;
				SWIFT_UPCOMING_FEATURE_MEMBER_IMPORT_VISIBILITY = YES;
				SWIFT_VERSION = 5.0;
				TARGETED_DEVICE_FAMILY = 4;
				WATCHOS_DEPLOYMENT_TARGET = 26.5;
			};
			name = Debug;
		};
		6CB975522FD84C6A00AC033B /* Release */ = {
			isa = XCBuildConfiguration;
			buildSettings = {
				ASSETCATALOG_COMPILER_APPICON_NAME = AppIcon;
				ASSETCATALOG_COMPILER_GLOBAL_ACCENT_COLOR_NAME = AccentColor;
				CODE_SIGN_ENTITLEMENTS = "PiyakWatch Watch App/PiyakWatch Watch App.entitlements";
				CODE_SIGN_STYLE = Automatic;
				CURRENT_PROJECT_VERSION = 1;
				DEVELOPMENT_TEAM = G2D6ZG4SX3;
				ENABLE_PREVIEWS = YES;
				GENERATE_INFOPLIST_FILE = YES;
				INFOPLIST_KEY_CFBundleDisplayName = PiyakWatch;
				INFOPLIST_KEY_UISupportedInterfaceOrientations = "UIInterfaceOrientationPortrait UIInterfaceOrientationPortraitUpsideDown";
				INFOPLIST_KEY_WKCompanionAppBundleIdentifier = com.minseo.PiyakBank;
				LD_RUNPATH_SEARCH_PATHS = (
					"$(inherited)",
					"@executable_path/Frameworks",
				);
				MARKETING_VERSION = 1.0;
				PRODUCT_BUNDLE_IDENTIFIER = com.minseo.PiyakBank.watchkitapp;
				PRODUCT_NAME = "$(TARGET_NAME)";
				SDKROOT = watchos;
				SKIP_INSTALL = YES;
				STRING_CATALOG_GENERATE_SYMBOLS = YES;
				SWIFT_APPROACHABLE_CONCURRENCY = YES;
				SWIFT_DEFAULT_ACTOR_ISOLATION = MainActor;
				SWIFT_EMIT_LOC_STRINGS = YES;
				SWIFT_UPCOMING_FEATURE_MEMBER_IMPORT_VISIBILITY = YES;
				SWIFT_VERSION = 5.0;
				TARGETED_DEVICE_FAMILY = 4;
				WATCHOS_DEPLOYMENT_TARGET = 26.5;
			};
			name = Release;
		};
		6CB975892FD8549900AC033B /* Debug */ = {
			isa = XCBuildConfiguration;
			buildSettings = {
				ASSETCATALOG_COMPILER_GLOBAL_ACCENT_COLOR_NAME = AccentColor;
				ASSETCATALOG_COMPILER_WIDGET_BACKGROUND_COLOR_NAME = WidgetBackground;
				CODE_SIGN_ENTITLEMENTS = PiyakWidgetExtension.entitlements;
				CODE_SIGN_STYLE = Automatic;
				CURRENT_PROJECT_VERSION = 1;
				DEVELOPMENT_TEAM = G2D6ZG4SX3;
				GENERATE_INFOPLIST_FILE = YES;
				INFOPLIST_FILE = PiyakWidget/Info.plist;
				INFOPLIST_KEY_CFBundleDisplayName = PiyakWidget;
				INFOPLIST_KEY_NSHumanReadableCopyright = "";
				LD_RUNPATH_SEARCH_PATHS = (
					"$(inherited)",
					"@executable_path/Frameworks",
					"@executable_path/../../Frameworks",
				);
				MARKETING_VERSION = 1.0;
				PRODUCT_BUNDLE_IDENTIFIER = com.minseo.PiyakBank.PiyakWidget;
				PRODUCT_NAME = "$(TARGET_NAME)";
				SKIP_INSTALL = YES;
				STRING_CATALOG_GENERATE_SYMBOLS = YES;
				SWIFT_APPROACHABLE_CONCURRENCY = YES;
				SWIFT_EMIT_LOC_STRINGS = YES;
				SWIFT_UPCOMING_FEATURE_MEMBER_IMPORT_VISIBILITY = YES;
				SWIFT_VERSION = 5.0;
				TARGETED_DEVICE_FAMILY = "1,2";
			};
			name = Debug;
		};
		6CB9758A2FD8549900AC033B /* Release */ = {
			isa = XCBuildConfiguration;
			buildSettings = {
				ASSETCATALOG_COMPILER_GLOBAL_ACCENT_COLOR_NAME = AccentColor;
				ASSETCATALOG_COMPILER_WIDGET_BACKGROUND_COLOR_NAME = WidgetBackground;
				CODE_SIGN_ENTITLEMENTS = PiyakWidgetExtension.entitlements;
				CODE_SIGN_STYLE = Automatic;
				CURRENT_PROJECT_VERSION = 1;
				DEVELOPMENT_TEAM = G2D6ZG4SX3;
				GENERATE_INFOPLIST_FILE = YES;
				INFOPLIST_FILE = PiyakWidget/Info.plist;
				INFOPLIST_KEY_CFBundleDisplayName = PiyakWidget;
				INFOPLIST_KEY_NSHumanReadableCopyright = "";
				LD_RUNPATH_SEARCH_PATHS = (
					"$(inherited)",
					"@executable_path/Frameworks",
					"@executable_path/../../Frameworks",
				);
				MARKETING_VERSION = 1.0;
				PRODUCT_BUNDLE_IDENTIFIER = com.minseo.PiyakBank.PiyakWidget;
				PRODUCT_NAME = "$(TARGET_NAME)";
				SKIP_INSTALL = YES;
				STRING_CATALOG_GENERATE_SYMBOLS = YES;
				SWIFT_APPROACHABLE_CONCURRENCY = YES;
				SWIFT_EMIT_LOC_STRINGS = YES;
				SWIFT_UPCOMING_FEATURE_MEMBER_IMPORT_VISIBILITY = YES;
				SWIFT_VERSION = 5.0;
				TARGETED_DEVICE_FAMILY = "1,2";
			};
			name = Release;
		};
/* End XCBuildConfiguration section */

/* Begin XCConfigurationList section */
		6CB974FA2FD6FA0F00AC033B /* Build configuration list for PBXProject "PiyakBank" */ = {
			isa = XCConfigurationList;
			buildConfigurations = (
				6CB9750A2FD6FA1000AC033B /* Debug */,
				6CB9750B2FD6FA1000AC033B /* Release */,
			);
			defaultConfigurationIsVisible = 0;
			defaultConfigurationName = Release;
		};
		6CB9750C2FD6FA1000AC033B /* Build configuration list for PBXNativeTarget "PiyakBank" */ = {
			isa = XCConfigurationList;
			buildConfigurations = (
				6CB9750D2FD6FA1000AC033B /* Debug */,
				6CB9750E2FD6FA1000AC033B /* Release */,
			);
			defaultConfigurationIsVisible = 0;
			defaultConfigurationName = Release;
		};
		6CB975502FD84C6A00AC033B /* Build configuration list for PBXNativeTarget "PiyakWatch Watch App" */ = {
			isa = XCConfigurationList;
			buildConfigurations = (
				6CB975512FD84C6A00AC033B /* Debug */,
				6CB975522FD84C6A00AC033B /* Release */,
			);
			defaultConfigurationIsVisible = 0;
			defaultConfigurationName = Release;
		};
		6CB975882FD8549900AC033B /* Build configuration list for PBXNativeTarget "PiyakWidgetExtension" */ = {
			isa = XCConfigurationList;
			buildConfigurations = (
				6CB975892FD8549900AC033B /* Debug */,
				6CB9758A2FD8549900AC033B /* Release */,
			);
			defaultConfigurationIsVisible = 0;
			defaultConfigurationName = Release;
		};
/* End XCConfigurationList section */
	};
	rootObject = 6CB974F72FD6FA0F00AC033B /* Project object */;
}
